
Microsoft Visual Studio Solution File, Format Version 12.00
# Visual Studio Version 16
VisualStudioVersion = 16.0.31112.23
MinimumVisualStudioVersion = 10.0.40219.1
Project("{FAE04EC0-301F-11D3-BF4B-00C04F79EFBC}") = "test github", "test github\test github.csproj", "{68AD3D5F-F6E8-4394-A822-839E2C44DB84}"
EndProject
Global
	GlobalSection(SolutionConfigurationPlatforms) = preSolution
		Debug|Any CPU = Debug|Any CPU
		Release|Any CPU = Release|Any CPU
	EndGlobalSection
	GlobalSection(ProjectConfigurationPlatforms) = postSolution
		{68AD3D5F-F6E8-4394-A822-839E2C44DB84}.Debug|Any CPU.ActiveCfg = Debug|Any CPU
		{68AD3D5F-F6E8-4394-A822-839E2C44DB84}.Debug|Any CPU.Build.0 = Debug|Any CPU
		{68AD3D5F-F6E8-4394-A822-839E2C44DB84}.Release|Any CPU.ActiveCfg = Release|Any CPU
		{68AD3D5F-F6E8-4394-A822-839E2C44DB84}.Release|Any CPU.Build.0 = Release|Any CPU
	EndGlobalSection
	GlobalSection(SolutionProperties) = preSolution
		HideSolutionNode = FALSE
	EndGlobalSection
	GlobalSection(ExtensibilityGlobals) = postSolution
		SolutionGuid = {03BC3010-2130-40AB-8A7F-45AD9D49A52E}
	EndGlobalSection
EndGlobal
